
Microsoft Visual Studio Solution File, Format Version 12.00
# Visual Studio Version 17
VisualStudioVersion = 17.11.35327.3
MinimumVisualStudioVersion = 10.0.40219.1
Project("{FAE04EC0-301F-11D3-BF4B-00C04F79EFBC}") = "01 Aprendendo SQL Server", "Aprendendo SQL Server\01 Aprendendo SQL Server.csproj", "{DD0BE2D7-AECB-40D7-A2B0-63842F218951}"
EndProject
Project("{FAE04EC0-301F-11D3-BF4B-00C04F79EFBC}") = "02 Como cadstrar uma tabela", "ConsoleApp1\02 Como cadstrar uma tabela.csproj", "{2A9BC995-C0D4-45CD-AB5D-A452BFC2DE92}"
EndProject
Project("{FAE04EC0-301F-11D3-BF4B-00C04F79EFBC}") = "03 Tipagem no SQL", "03 Tipagem no SQL\03 Tipagem no SQL.csproj", "{CFD61BEB-2A3F-46D2-9300-A2123F12A907}"
EndProject
Global
	GlobalSection(SolutionConfigurationPlatforms) = preSolution
		Debug|Any CPU = Debug|Any CPU
		Release|Any CPU = Release|Any CPU
	EndGlobalSection
	GlobalSection(ProjectConfigurationPlatforms) = postSolution
		{DD0BE2D7-AECB-40D7-A2B0-63842F218951}.Debug|Any CPU.ActiveCfg = Debug|Any CPU
		{DD0BE2D7-AECB-40D7-A2B0-63842F218951}.Debug|Any CPU.Build.0 = Debug|Any CPU
		{DD0BE2D7-AECB-40D7-A2B0-63842F218951}.Release|Any CPU.ActiveCfg = Release|Any CPU
		{DD0BE2D7-AECB-40D7-A2B0-63842F218951}.Release|Any CPU.Build.0 = Release|Any CPU
		{2A9BC995-C0D4-45CD-AB5D-A452BFC2DE92}.Debug|Any CPU.ActiveCfg = Debug|Any CPU
		{2A9BC995-C0D4-45CD-AB5D-A452BFC2DE92}.Debug|Any CPU.Build.0 = Debug|Any CPU
		{2A9BC995-C0D4-45CD-AB5D-A452BFC2DE92}.Release|Any CPU.ActiveCfg = Release|Any CPU
		{2A9BC995-C0D4-45CD-AB5D-A452BFC2DE92}.Release|Any CPU.Build.0 = Release|Any CPU
		{CFD61BEB-2A3F-46D2-9300-A2123F12A907}.Debug|Any CPU.ActiveCfg = Debug|Any CPU
		{CFD61BEB-2A3F-46D2-9300-A2123F12A907}.Debug|Any CPU.Build.0 = Debug|Any CPU
		{CFD61BEB-2A3F-46D2-9300-A2123F12A907}.Release|Any CPU.ActiveCfg = Release|Any CPU
		{CFD61BEB-2A3F-46D2-9300-A2123F12A907}.Release|Any CPU.Build.0 = Release|Any CPU
	EndGlobalSection
	GlobalSection(SolutionProperties) = preSolution
		HideSolutionNode = FALSE
	EndGlobalSection
	GlobalSection(ExtensibilityGlobals) = postSolution
		SolutionGuid = {BA9E1564-6FBA-483D-9B2E-413B35C642B0}
	EndGlobalSection
EndGlobal
