
Microsoft Visual Studio Solution File, Format Version 12.00
# Visual Studio Version 17
VisualStudioVersion = 17.11.35222.181
MinimumVisualStudioVersion = 10.0.40219.1
Project("{9A19103F-16F7-4668-BE54-9A1E7A4F7556}") = "exercicios", "exercicios\exercicios.csproj", "{EE6D93F6-5DA6-4FB6-BAE0-48BFBCBE8082}"
EndProject
Project("{9A19103F-16F7-4668-BE54-9A1E7A4F7556}") = "melhora em cada exercicio", "ConsoleApp2\melhora em cada exercicio.csproj", "{BDDE8D19-CD48-4609-81C2-FC99080C3A71}"
EndProject
Project("{9A19103F-16F7-4668-BE54-9A1E7A4F7556}") = "programa biblioteca", "programa biblioteca\programa biblioteca.csproj", "{CEC3C51A-CA8B-404B-81D6-7FA9683328D1}"
EndProject
Global
	GlobalSection(SolutionConfigurationPlatforms) = preSolution
		Debug|Any CPU = Debug|Any CPU
		Release|Any CPU = Release|Any CPU
	EndGlobalSection
	GlobalSection(ProjectConfigurationPlatforms) = postSolution
		{EE6D93F6-5DA6-4FB6-BAE0-48BFBCBE8082}.Debug|Any CPU.ActiveCfg = Debug|Any CPU
		{EE6D93F6-5DA6-4FB6-BAE0-48BFBCBE8082}.Debug|Any CPU.Build.0 = Debug|Any CPU
		{EE6D93F6-5DA6-4FB6-BAE0-48BFBCBE8082}.Release|Any CPU.ActiveCfg = Release|Any CPU
		{EE6D93F6-5DA6-4FB6-BAE0-48BFBCBE8082}.Release|Any CPU.Build.0 = Release|Any CPU
		{BDDE8D19-CD48-4609-81C2-FC99080C3A71}.Debug|Any CPU.ActiveCfg = Debug|Any CPU
		{BDDE8D19-CD48-4609-81C2-FC99080C3A71}.Debug|Any CPU.Build.0 = Debug|Any CPU
		{BDDE8D19-CD48-4609-81C2-FC99080C3A71}.Release|Any CPU.ActiveCfg = Release|Any CPU
		{BDDE8D19-CD48-4609-81C2-FC99080C3A71}.Release|Any CPU.Build.0 = Release|Any CPU
		{CEC3C51A-CA8B-404B-81D6-7FA9683328D1}.Debug|Any CPU.ActiveCfg = Debug|Any CPU
		{CEC3C51A-CA8B-404B-81D6-7FA9683328D1}.Debug|Any CPU.Build.0 = Debug|Any CPU
		{CEC3C51A-CA8B-404B-81D6-7FA9683328D1}.Release|Any CPU.ActiveCfg = Release|Any CPU
		{CEC3C51A-CA8B-404B-81D6-7FA9683328D1}.Release|Any CPU.Build.0 = Release|Any CPU
	EndGlobalSection
	GlobalSection(SolutionProperties) = preSolution
		HideSolutionNode = FALSE
	EndGlobalSection
	GlobalSection(ExtensibilityGlobals) = postSolution
		SolutionGuid = {84D64AA0-CCFC-4F66-A5BE-3BD053AB0F4A}
	EndGlobalSection
EndGlobal
