
Microsoft Visual Studio Solution File, Format Version 12.00
# Visual Studio Version 17
VisualStudioVersion = 17.11.35222.181
MinimumVisualStudioVersion = 10.0.40219.1
Project("{FAE04EC0-301F-11D3-BF4B-00C04F79EFBC}") = "Como funciona", "ConsoleApp1\Como funciona.csproj", "{9CA892DA-C80B-419F-B540-40ECDA47BE20}"
EndProject
Project("{FAE04EC0-301F-11D3-BF4B-00C04F79EFBC}") = "exercicios", "exercicios\exercicios.csproj", "{EE6D93F6-5DA6-4FB6-BAE0-48BFBCBE8082}"
EndProject
Global
	GlobalSection(SolutionConfigurationPlatforms) = preSolution
		Debug|Any CPU = Debug|Any CPU
		Release|Any CPU = Release|Any CPU
	EndGlobalSection
	GlobalSection(ProjectConfigurationPlatforms) = postSolution
		{9CA892DA-C80B-419F-B540-40ECDA47BE20}.Debug|Any CPU.ActiveCfg = Debug|Any CPU
		{9CA892DA-C80B-419F-B540-40ECDA47BE20}.Debug|Any CPU.Build.0 = Debug|Any CPU
		{9CA892DA-C80B-419F-B540-40ECDA47BE20}.Release|Any CPU.ActiveCfg = Release|Any CPU
		{9CA892DA-C80B-419F-B540-40ECDA47BE20}.Release|Any CPU.Build.0 = Release|Any CPU
		{EE6D93F6-5DA6-4FB6-BAE0-48BFBCBE8082}.Debug|Any CPU.ActiveCfg = Debug|Any CPU
		{EE6D93F6-5DA6-4FB6-BAE0-48BFBCBE8082}.Debug|Any CPU.Build.0 = Debug|Any CPU
		{EE6D93F6-5DA6-4FB6-BAE0-48BFBCBE8082}.Release|Any CPU.ActiveCfg = Release|Any CPU
		{EE6D93F6-5DA6-4FB6-BAE0-48BFBCBE8082}.Release|Any CPU.Build.0 = Release|Any CPU
	EndGlobalSection
	GlobalSection(SolutionProperties) = preSolution
		HideSolutionNode = FALSE
	EndGlobalSection
	GlobalSection(ExtensibilityGlobals) = postSolution
		SolutionGuid = {84D64AA0-CCFC-4F66-A5BE-3BD053AB0F4A}
	EndGlobalSection
EndGlobal
