
Microsoft Visual Studio Solution File, Format Version 12.00
# Visual Studio Version 17
VisualStudioVersion = 17.11.35222.181
MinimumVisualStudioVersion = 10.0.40219.1
Project("{9A19103F-16F7-4668-BE54-9A1E7A4F7556}") = "Aprendendo leitura de Arquivos", "Aprendendo leitura de Arquivos\Aprendendo leitura de Arquivos.csproj", "{6421D0C0-EF19-4610-AF9C-E4B039F40357}"
EndProject
Project("{9A19103F-16F7-4668-BE54-9A1E7A4F7556}") = "ReadAllText(lê tudo de uma vez [ + memoria])", "ConsoleApp1\ReadAllText(lê tudo de uma vez [ + memoria]).csproj", "{F7B90196-D38B-4175-A1B2-FE760BBDCAA0}"
EndProject
Project("{FAE04EC0-301F-11D3-BF4B-00C04F79EFBC}") = "StreamRead(lê linha por linha [ - memoria])", "Stream\StreamRead(lê linha por linha [ - memoria]).csproj", "{C0F07D19-1C93-4558-85BC-FBA682C168AB}"
EndProject
Global
	GlobalSection(SolutionConfigurationPlatforms) = preSolution
		Debug|Any CPU = Debug|Any CPU
		Release|Any CPU = Release|Any CPU
	EndGlobalSection
	GlobalSection(ProjectConfigurationPlatforms) = postSolution
		{6421D0C0-EF19-4610-AF9C-E4B039F40357}.Debug|Any CPU.ActiveCfg = Debug|Any CPU
		{6421D0C0-EF19-4610-AF9C-E4B039F40357}.Debug|Any CPU.Build.0 = Debug|Any CPU
		{6421D0C0-EF19-4610-AF9C-E4B039F40357}.Release|Any CPU.ActiveCfg = Release|Any CPU
		{6421D0C0-EF19-4610-AF9C-E4B039F40357}.Release|Any CPU.Build.0 = Release|Any CPU
		{F7B90196-D38B-4175-A1B2-FE760BBDCAA0}.Debug|Any CPU.ActiveCfg = Debug|Any CPU
		{F7B90196-D38B-4175-A1B2-FE760BBDCAA0}.Debug|Any CPU.Build.0 = Debug|Any CPU
		{F7B90196-D38B-4175-A1B2-FE760BBDCAA0}.Release|Any CPU.ActiveCfg = Release|Any CPU
		{F7B90196-D38B-4175-A1B2-FE760BBDCAA0}.Release|Any CPU.Build.0 = Release|Any CPU
		{C0F07D19-1C93-4558-85BC-FBA682C168AB}.Debug|Any CPU.ActiveCfg = Debug|Any CPU
		{C0F07D19-1C93-4558-85BC-FBA682C168AB}.Debug|Any CPU.Build.0 = Debug|Any CPU
		{C0F07D19-1C93-4558-85BC-FBA682C168AB}.Release|Any CPU.ActiveCfg = Release|Any CPU
		{C0F07D19-1C93-4558-85BC-FBA682C168AB}.Release|Any CPU.Build.0 = Release|Any CPU
	EndGlobalSection
	GlobalSection(SolutionProperties) = preSolution
		HideSolutionNode = FALSE
	EndGlobalSection
	GlobalSection(ExtensibilityGlobals) = postSolution
		SolutionGuid = {732F4166-A732-4A6D-B6C4-9FDF892F1EE0}
	EndGlobalSection
EndGlobal
