
Microsoft Visual Studio Solution File, Format Version 12.00
# Visual Studio Version 17
VisualStudioVersion = 17.11.35222.181
MinimumVisualStudioVersion = 10.0.40219.1
Project("{9A19103F-16F7-4668-BE54-9A1E7A4F7556}") = "Base da manipulação de arquivos", "Aprendendo leitura de Arquivos\Base da manipulação de arquivos.csproj", "{6421D0C0-EF19-4610-AF9C-E4B039F40357}"
EndProject
Project("{9A19103F-16F7-4668-BE54-9A1E7A4F7556}") = "File.ReadAllText (lê o arquivo todo)", "ConsoleApp1\File.ReadAllText (lê o arquivo todo).csproj", "{F7B90196-D38B-4175-A1B2-FE760BBDCAA0}"
EndProject
Project("{9A19103F-16F7-4668-BE54-9A1E7A4F7556}") = "StreamReader(lê linha por linha do arquivo)", "Stream\StreamReader(lê linha por linha do arquivo).csproj", "{C0F07D19-1C93-4558-85BC-FBA682C168AB}"
EndProject
Project("{FAE04EC0-301F-11D3-BF4B-00C04F79EFBC}") = "StreamWriter (escreve linha por linha)", "StreamWriter (escreve linha por linha)\StreamWriter (escreve linha por linha).csproj", "{FA87E089-F44B-427B-9E75-270C740A8D81}"
EndProject
Project("{FAE04EC0-301F-11D3-BF4B-00C04F79EFBC}") = "File (como funciona essa classe)", "File (como funciona essa classe)\File (como funciona essa classe).csproj", "{D40637F2-8335-4967-8B1E-DA5A12C25A9D}"
EndProject
Project("{FAE04EC0-301F-11D3-BF4B-00C04F79EFBC}") = "DirectoryInfo e Directory (como funciona essa classe)", "DirectoryInfo e Directory\DirectoryInfo e Directory (como funciona essa classe).csproj", "{F1D98E12-B3DB-46D3-804F-F4C31CE9C08E}"
EndProject
Project("{FAE04EC0-301F-11D3-BF4B-00C04F79EFBC}") = "Stream (como funciona essa classe)", "Streams\Stream (como funciona essa classe).csproj", "{24039377-3696-4701-9AE6-C14DC124D6E9}"
EndProject
Project("{FAE04EC0-301F-11D3-BF4B-00C04F79EFBC}") = "File.(Copy, Move ou Delete)", "File.Copy (copiar arquivo de um lugar para outro)\File.(Copy, Move ou Delete).csproj", "{F0C9DE52-2851-4615-B1FA-34A58E1CB701}"
EndProject
Project("{FAE04EC0-301F-11D3-BF4B-00C04F79EFBC}") = "DirectoryInfo GetFile", "Directory GetFile\DirectoryInfo GetFile.csproj", "{F125A425-4256-4B7B-BF25-2D795AB9B866}"
EndProject
Global
	GlobalSection(SolutionConfigurationPlatforms) = preSolution
		Debug|Any CPU = Debug|Any CPU
		Release|Any CPU = Release|Any CPU
	EndGlobalSection
	GlobalSection(ProjectConfigurationPlatforms) = postSolution
		{6421D0C0-EF19-4610-AF9C-E4B039F40357}.Debug|Any CPU.ActiveCfg = Debug|Any CPU
		{6421D0C0-EF19-4610-AF9C-E4B039F40357}.Debug|Any CPU.Build.0 = Debug|Any CPU
		{6421D0C0-EF19-4610-AF9C-E4B039F40357}.Release|Any CPU.ActiveCfg = Release|Any CPU
		{6421D0C0-EF19-4610-AF9C-E4B039F40357}.Release|Any CPU.Build.0 = Release|Any CPU
		{F7B90196-D38B-4175-A1B2-FE760BBDCAA0}.Debug|Any CPU.ActiveCfg = Debug|Any CPU
		{F7B90196-D38B-4175-A1B2-FE760BBDCAA0}.Debug|Any CPU.Build.0 = Debug|Any CPU
		{F7B90196-D38B-4175-A1B2-FE760BBDCAA0}.Release|Any CPU.ActiveCfg = Release|Any CPU
		{F7B90196-D38B-4175-A1B2-FE760BBDCAA0}.Release|Any CPU.Build.0 = Release|Any CPU
		{C0F07D19-1C93-4558-85BC-FBA682C168AB}.Debug|Any CPU.ActiveCfg = Debug|Any CPU
		{C0F07D19-1C93-4558-85BC-FBA682C168AB}.Debug|Any CPU.Build.0 = Debug|Any CPU
		{C0F07D19-1C93-4558-85BC-FBA682C168AB}.Release|Any CPU.ActiveCfg = Release|Any CPU
		{C0F07D19-1C93-4558-85BC-FBA682C168AB}.Release|Any CPU.Build.0 = Release|Any CPU
		{FA87E089-F44B-427B-9E75-270C740A8D81}.Debug|Any CPU.ActiveCfg = Debug|Any CPU
		{FA87E089-F44B-427B-9E75-270C740A8D81}.Debug|Any CPU.Build.0 = Debug|Any CPU
		{FA87E089-F44B-427B-9E75-270C740A8D81}.Release|Any CPU.ActiveCfg = Release|Any CPU
		{FA87E089-F44B-427B-9E75-270C740A8D81}.Release|Any CPU.Build.0 = Release|Any CPU
		{D40637F2-8335-4967-8B1E-DA5A12C25A9D}.Debug|Any CPU.ActiveCfg = Debug|Any CPU
		{D40637F2-8335-4967-8B1E-DA5A12C25A9D}.Debug|Any CPU.Build.0 = Debug|Any CPU
		{D40637F2-8335-4967-8B1E-DA5A12C25A9D}.Release|Any CPU.ActiveCfg = Release|Any CPU
		{D40637F2-8335-4967-8B1E-DA5A12C25A9D}.Release|Any CPU.Build.0 = Release|Any CPU
		{F1D98E12-B3DB-46D3-804F-F4C31CE9C08E}.Debug|Any CPU.ActiveCfg = Debug|Any CPU
		{F1D98E12-B3DB-46D3-804F-F4C31CE9C08E}.Debug|Any CPU.Build.0 = Debug|Any CPU
		{F1D98E12-B3DB-46D3-804F-F4C31CE9C08E}.Release|Any CPU.ActiveCfg = Release|Any CPU
		{F1D98E12-B3DB-46D3-804F-F4C31CE9C08E}.Release|Any CPU.Build.0 = Release|Any CPU
		{24039377-3696-4701-9AE6-C14DC124D6E9}.Debug|Any CPU.ActiveCfg = Debug|Any CPU
		{24039377-3696-4701-9AE6-C14DC124D6E9}.Debug|Any CPU.Build.0 = Debug|Any CPU
		{24039377-3696-4701-9AE6-C14DC124D6E9}.Release|Any CPU.ActiveCfg = Release|Any CPU
		{24039377-3696-4701-9AE6-C14DC124D6E9}.Release|Any CPU.Build.0 = Release|Any CPU
		{F0C9DE52-2851-4615-B1FA-34A58E1CB701}.Debug|Any CPU.ActiveCfg = Debug|Any CPU
		{F0C9DE52-2851-4615-B1FA-34A58E1CB701}.Debug|Any CPU.Build.0 = Debug|Any CPU
		{F0C9DE52-2851-4615-B1FA-34A58E1CB701}.Release|Any CPU.ActiveCfg = Release|Any CPU
		{F0C9DE52-2851-4615-B1FA-34A58E1CB701}.Release|Any CPU.Build.0 = Release|Any CPU
		{F125A425-4256-4B7B-BF25-2D795AB9B866}.Debug|Any CPU.ActiveCfg = Debug|Any CPU
		{F125A425-4256-4B7B-BF25-2D795AB9B866}.Debug|Any CPU.Build.0 = Debug|Any CPU
		{F125A425-4256-4B7B-BF25-2D795AB9B866}.Release|Any CPU.ActiveCfg = Release|Any CPU
		{F125A425-4256-4B7B-BF25-2D795AB9B866}.Release|Any CPU.Build.0 = Release|Any CPU
	EndGlobalSection
	GlobalSection(SolutionProperties) = preSolution
		HideSolutionNode = FALSE
	EndGlobalSection
	GlobalSection(ExtensibilityGlobals) = postSolution
		SolutionGuid = {732F4166-A732-4A6D-B6C4-9FDF892F1EE0}
	EndGlobalSection
EndGlobal
