
Microsoft Visual Studio Solution File, Format Version 12.00
# Visual Studio Version 17
VisualStudioVersion = 17.11.35222.181
MinimumVisualStudioVersion = 10.0.40219.1
Project("{FAE04EC0-301F-11D3-BF4B-00C04F79EFBC}") = "Aprendendo leitura de Arquivos", "Aprendendo leitura de Arquivos\Aprendendo leitura de Arquivos.csproj", "{6421D0C0-EF19-4610-AF9C-E4B039F40357}"
EndProject
Global
	GlobalSection(SolutionConfigurationPlatforms) = preSolution
		Debug|Any CPU = Debug|Any CPU
		Release|Any CPU = Release|Any CPU
	EndGlobalSection
	GlobalSection(ProjectConfigurationPlatforms) = postSolution
		{6421D0C0-EF19-4610-AF9C-E4B039F40357}.Debug|Any CPU.ActiveCfg = Debug|Any CPU
		{6421D0C0-EF19-4610-AF9C-E4B039F40357}.Debug|Any CPU.Build.0 = Debug|Any CPU
		{6421D0C0-EF19-4610-AF9C-E4B039F40357}.Release|Any CPU.ActiveCfg = Release|Any CPU
		{6421D0C0-EF19-4610-AF9C-E4B039F40357}.Release|Any CPU.Build.0 = Release|Any CPU
	EndGlobalSection
	GlobalSection(SolutionProperties) = preSolution
		HideSolutionNode = FALSE
	EndGlobalSection
	GlobalSection(ExtensibilityGlobals) = postSolution
		SolutionGuid = {732F4166-A732-4A6D-B6C4-9FDF892F1EE0}
	EndGlobalSection
EndGlobal
