
Microsoft Visual Studio Solution File, Format Version 12.00
# Visual Studio Version 17
VisualStudioVersion = 17.11.35222.181
MinimumVisualStudioVersion = 10.0.40219.1
Project("{9A19103F-16F7-4668-BE54-9A1E7A4F7556}") = "Basicos", "AprendendoStringsMetodos\Basicos.csproj", "{E664F62C-6A8D-45AB-9F49-6FDF1E1C3115}"
EndProject
Project("{9A19103F-16F7-4668-BE54-9A1E7A4F7556}") = "Split Metodo(transforma a string num array)", "Split Metodo\Split Metodo(transforma a string num array).csproj", "{5FB57DA7-39FC-421E-A7FD-B924AAC5585E}"
EndProject
Project("{9A19103F-16F7-4668-BE54-9A1E7A4F7556}") = "Substring Metodo(pegar uma parte da string)", "Substring Metodo\Substring Metodo(pegar uma parte da string).csproj", "{6F8C8183-2814-45F7-A461-1491EC87E769}"
EndProject
Project("{9A19103F-16F7-4668-BE54-9A1E7A4F7556}") = "Replace Metodo(substituir uma string por outra)", "Replace Metodo\Replace Metodo(substituir uma string por outra).csproj", "{C39FECD2-A83A-442E-B378-F0CF9F9D0AE3}"
EndProject
Project("{9A19103F-16F7-4668-BE54-9A1E7A4F7556}") = "Contains Metodo(tem essa coisa nesse texto)", "Contains Metodo\Contains Metodo(tem essa coisa nesse texto).csproj", "{28E8FF4E-43B1-42D3-8AE7-D5CDCF78539D}"
EndProject
Project("{9A19103F-16F7-4668-BE54-9A1E7A4F7556}") = "Join Metodo(junta um array de strings)", "Join Metodo(junta um array de strings)\Join Metodo(junta um array de strings).csproj", "{CC642069-46B6-4804-A592-3F40BE2F6CC8}"
EndProject
Project("{9A19103F-16F7-4668-BE54-9A1E7A4F7556}") = "Trim Metodo(retirar espaços do inicio e fim)", "Trim Metodo(retirar espaços do inicio e fim)\Trim Metodo(retirar espaços do inicio e fim).csproj", "{9C59C815-1DA2-4E74-B99B-5DB1DEA2011E}"
EndProject
Project("{9A19103F-16F7-4668-BE54-9A1E7A4F7556}") = "StartsWith-EndsWith (começa ou termina com alguma coisa)", "StartsWith-EndsWith (saber se começa ou termina com algo)\StartsWith-EndsWith (começa ou termina com alguma coisa).csproj", "{29A3E8B0-D195-4E4C-9AE3-703BC74451CA}"
EndProject
Project("{9A19103F-16F7-4668-BE54-9A1E7A4F7556}") = "IndexOf--LastIndexOf(achar o index de algo pesquisado)", "IndexOf--LastIndexOf(achar o index de algo pesquisado)\IndexOf--LastIndexOf(achar o index de algo pesquisado).csproj", "{E4488339-2134-45BC-9D4F-73B62A3A926B}"
EndProject
Project("{FAE04EC0-301F-11D3-BF4B-00C04F79EFBC}") = "ToUpper-ToLower(Maisculo ou minúsculo)", "ToUpper-ToLower(Maisculo ou minúsculo)\ToUpper-ToLower(Maisculo ou minúsculo).csproj", "{33D3D870-A225-40C4-99E9-FE59D9768B04}"
EndProject
Global
	GlobalSection(SolutionConfigurationPlatforms) = preSolution
		Debug|Any CPU = Debug|Any CPU
		Release|Any CPU = Release|Any CPU
	EndGlobalSection
	GlobalSection(ProjectConfigurationPlatforms) = postSolution
		{E664F62C-6A8D-45AB-9F49-6FDF1E1C3115}.Debug|Any CPU.ActiveCfg = Debug|Any CPU
		{E664F62C-6A8D-45AB-9F49-6FDF1E1C3115}.Debug|Any CPU.Build.0 = Debug|Any CPU
		{E664F62C-6A8D-45AB-9F49-6FDF1E1C3115}.Release|Any CPU.ActiveCfg = Release|Any CPU
		{E664F62C-6A8D-45AB-9F49-6FDF1E1C3115}.Release|Any CPU.Build.0 = Release|Any CPU
		{5FB57DA7-39FC-421E-A7FD-B924AAC5585E}.Debug|Any CPU.ActiveCfg = Debug|Any CPU
		{5FB57DA7-39FC-421E-A7FD-B924AAC5585E}.Debug|Any CPU.Build.0 = Debug|Any CPU
		{5FB57DA7-39FC-421E-A7FD-B924AAC5585E}.Release|Any CPU.ActiveCfg = Release|Any CPU
		{5FB57DA7-39FC-421E-A7FD-B924AAC5585E}.Release|Any CPU.Build.0 = Release|Any CPU
		{6F8C8183-2814-45F7-A461-1491EC87E769}.Debug|Any CPU.ActiveCfg = Debug|Any CPU
		{6F8C8183-2814-45F7-A461-1491EC87E769}.Debug|Any CPU.Build.0 = Debug|Any CPU
		{6F8C8183-2814-45F7-A461-1491EC87E769}.Release|Any CPU.ActiveCfg = Release|Any CPU
		{6F8C8183-2814-45F7-A461-1491EC87E769}.Release|Any CPU.Build.0 = Release|Any CPU
		{C39FECD2-A83A-442E-B378-F0CF9F9D0AE3}.Debug|Any CPU.ActiveCfg = Debug|Any CPU
		{C39FECD2-A83A-442E-B378-F0CF9F9D0AE3}.Debug|Any CPU.Build.0 = Debug|Any CPU
		{C39FECD2-A83A-442E-B378-F0CF9F9D0AE3}.Release|Any CPU.ActiveCfg = Release|Any CPU
		{C39FECD2-A83A-442E-B378-F0CF9F9D0AE3}.Release|Any CPU.Build.0 = Release|Any CPU
		{28E8FF4E-43B1-42D3-8AE7-D5CDCF78539D}.Debug|Any CPU.ActiveCfg = Debug|Any CPU
		{28E8FF4E-43B1-42D3-8AE7-D5CDCF78539D}.Debug|Any CPU.Build.0 = Debug|Any CPU
		{28E8FF4E-43B1-42D3-8AE7-D5CDCF78539D}.Release|Any CPU.ActiveCfg = Release|Any CPU
		{28E8FF4E-43B1-42D3-8AE7-D5CDCF78539D}.Release|Any CPU.Build.0 = Release|Any CPU
		{CC642069-46B6-4804-A592-3F40BE2F6CC8}.Debug|Any CPU.ActiveCfg = Debug|Any CPU
		{CC642069-46B6-4804-A592-3F40BE2F6CC8}.Debug|Any CPU.Build.0 = Debug|Any CPU
		{CC642069-46B6-4804-A592-3F40BE2F6CC8}.Release|Any CPU.ActiveCfg = Release|Any CPU
		{CC642069-46B6-4804-A592-3F40BE2F6CC8}.Release|Any CPU.Build.0 = Release|Any CPU
		{9C59C815-1DA2-4E74-B99B-5DB1DEA2011E}.Debug|Any CPU.ActiveCfg = Debug|Any CPU
		{9C59C815-1DA2-4E74-B99B-5DB1DEA2011E}.Debug|Any CPU.Build.0 = Debug|Any CPU
		{9C59C815-1DA2-4E74-B99B-5DB1DEA2011E}.Release|Any CPU.ActiveCfg = Release|Any CPU
		{9C59C815-1DA2-4E74-B99B-5DB1DEA2011E}.Release|Any CPU.Build.0 = Release|Any CPU
		{29A3E8B0-D195-4E4C-9AE3-703BC74451CA}.Debug|Any CPU.ActiveCfg = Debug|Any CPU
		{29A3E8B0-D195-4E4C-9AE3-703BC74451CA}.Debug|Any CPU.Build.0 = Debug|Any CPU
		{29A3E8B0-D195-4E4C-9AE3-703BC74451CA}.Release|Any CPU.ActiveCfg = Release|Any CPU
		{29A3E8B0-D195-4E4C-9AE3-703BC74451CA}.Release|Any CPU.Build.0 = Release|Any CPU
		{E4488339-2134-45BC-9D4F-73B62A3A926B}.Debug|Any CPU.ActiveCfg = Debug|Any CPU
		{E4488339-2134-45BC-9D4F-73B62A3A926B}.Debug|Any CPU.Build.0 = Debug|Any CPU
		{E4488339-2134-45BC-9D4F-73B62A3A926B}.Release|Any CPU.ActiveCfg = Release|Any CPU
		{E4488339-2134-45BC-9D4F-73B62A3A926B}.Release|Any CPU.Build.0 = Release|Any CPU
		{33D3D870-A225-40C4-99E9-FE59D9768B04}.Debug|Any CPU.ActiveCfg = Debug|Any CPU
		{33D3D870-A225-40C4-99E9-FE59D9768B04}.Debug|Any CPU.Build.0 = Debug|Any CPU
		{33D3D870-A225-40C4-99E9-FE59D9768B04}.Release|Any CPU.ActiveCfg = Release|Any CPU
		{33D3D870-A225-40C4-99E9-FE59D9768B04}.Release|Any CPU.Build.0 = Release|Any CPU
	EndGlobalSection
	GlobalSection(SolutionProperties) = preSolution
		HideSolutionNode = FALSE
	EndGlobalSection
	GlobalSection(ExtensibilityGlobals) = postSolution
		SolutionGuid = {261A3200-33E3-4E1F-8517-2D64859BFB6A}
	EndGlobalSection
EndGlobal
