
Microsoft Visual Studio Solution File, Format Version 12.00
# Visual Studio Version 17
VisualStudioVersion = 17.11.35222.181
MinimumVisualStudioVersion = 10.0.40219.1
Project("{FAE04EC0-301F-11D3-BF4B-00C04F79EFBC}") = "exercitando switch", "exercitando switch\exercitando switch.csproj", "{2E854435-DA6F-497E-98BA-FD3CCECFC20F}"
EndProject
Global
	GlobalSection(SolutionConfigurationPlatforms) = preSolution
		Debug|Any CPU = Debug|Any CPU
		Release|Any CPU = Release|Any CPU
	EndGlobalSection
	GlobalSection(ProjectConfigurationPlatforms) = postSolution
		{2E854435-DA6F-497E-98BA-FD3CCECFC20F}.Debug|Any CPU.ActiveCfg = Debug|Any CPU
		{2E854435-DA6F-497E-98BA-FD3CCECFC20F}.Debug|Any CPU.Build.0 = Debug|Any CPU
		{2E854435-DA6F-497E-98BA-FD3CCECFC20F}.Release|Any CPU.ActiveCfg = Release|Any CPU
		{2E854435-DA6F-497E-98BA-FD3CCECFC20F}.Release|Any CPU.Build.0 = Release|Any CPU
	EndGlobalSection
	GlobalSection(SolutionProperties) = preSolution
		HideSolutionNode = FALSE
	EndGlobalSection
	GlobalSection(ExtensibilityGlobals) = postSolution
		SolutionGuid = {8FE5E6EF-9D62-43E5-AD77-C59B56F53CC4}
	EndGlobalSection
EndGlobal
