
Microsoft Visual Studio Solution File, Format Version 12.00
# Visual Studio Version 17
VisualStudioVersion = 17.11.35222.181
MinimumVisualStudioVersion = 10.0.40219.1
Project("{9A19103F-16F7-4668-BE54-9A1E7A4F7556}") = "Vetor 01", "saída_de_dados\Vetor 01.csproj", "{6FCCC21B-68D6-47C0-98E9-A9B4647147F9}"
EndProject
Project("{FAE04EC0-301F-11D3-BF4B-00C04F79EFBC}") = "Vetor 02", "Vetor 02\Vetor 02.csproj", "{1DAD0890-4C57-432E-987A-F3D0A57D4FE1}"
EndProject
Global
	GlobalSection(SolutionConfigurationPlatforms) = preSolution
		Debug|Any CPU = Debug|Any CPU
		Release|Any CPU = Release|Any CPU
	EndGlobalSection
	GlobalSection(ProjectConfigurationPlatforms) = postSolution
		{6FCCC21B-68D6-47C0-98E9-A9B4647147F9}.Debug|Any CPU.ActiveCfg = Debug|Any CPU
		{6FCCC21B-68D6-47C0-98E9-A9B4647147F9}.Debug|Any CPU.Build.0 = Debug|Any CPU
		{6FCCC21B-68D6-47C0-98E9-A9B4647147F9}.Release|Any CPU.ActiveCfg = Release|Any CPU
		{6FCCC21B-68D6-47C0-98E9-A9B4647147F9}.Release|Any CPU.Build.0 = Release|Any CPU
		{1DAD0890-4C57-432E-987A-F3D0A57D4FE1}.Debug|Any CPU.ActiveCfg = Debug|Any CPU
		{1DAD0890-4C57-432E-987A-F3D0A57D4FE1}.Debug|Any CPU.Build.0 = Debug|Any CPU
		{1DAD0890-4C57-432E-987A-F3D0A57D4FE1}.Release|Any CPU.ActiveCfg = Release|Any CPU
		{1DAD0890-4C57-432E-987A-F3D0A57D4FE1}.Release|Any CPU.Build.0 = Release|Any CPU
	EndGlobalSection
	GlobalSection(SolutionProperties) = preSolution
		HideSolutionNode = FALSE
	EndGlobalSection
	GlobalSection(ExtensibilityGlobals) = postSolution
		SolutionGuid = {316BA166-5BCC-438B-B396-6E5A0A4E6BC4}
	EndGlobalSection
EndGlobal
